
Microsoft Visual Studio Solution File, Format Version 12.00
# Visual Studio Version 16
VisualStudioVersion = 16.0.32428.217
MinimumVisualStudioVersion = 10.0.40219.1
Project("{FAE04EC0-301F-11D3-BF4B-00C04F79EFBC}") = "ClassWork", "ClassWork\ClassWork.csproj", "{1E005B7A-EFFA-4C22-85F6-CEDE2561442E}"
EndProject
Project("{FAE04EC0-301F-11D3-BF4B-00C04F79EFBC}") = "AnonymObjectClass", "AnonymObjectClass\AnonymObjectClass.csproj", "{14A70E6E-E4F9-4A4C-A204-58A7083B0B7B}"
EndProject
Global
	GlobalSection(SolutionConfigurationPlatforms) = preSolution
		Debug|Any CPU = Debug|Any CPU
		Release|Any CPU = Release|Any CPU
	EndGlobalSection
	GlobalSection(ProjectConfigurationPlatforms) = postSolution
		{1E005B7A-EFFA-4C22-85F6-CEDE2561442E}.Debug|Any CPU.ActiveCfg = Debug|Any CPU
		{1E005B7A-EFFA-4C22-85F6-CEDE2561442E}.Debug|Any CPU.Build.0 = Debug|Any CPU
		{1E005B7A-EFFA-4C22-85F6-CEDE2561442E}.Release|Any CPU.ActiveCfg = Release|Any CPU
		{1E005B7A-EFFA-4C22-85F6-CEDE2561442E}.Release|Any CPU.Build.0 = Release|Any CPU
		{14A70E6E-E4F9-4A4C-A204-58A7083B0B7B}.Debug|Any CPU.ActiveCfg = Debug|Any CPU
		{14A70E6E-E4F9-4A4C-A204-58A7083B0B7B}.Debug|Any CPU.Build.0 = Debug|Any CPU
		{14A70E6E-E4F9-4A4C-A204-58A7083B0B7B}.Release|Any CPU.ActiveCfg = Release|Any CPU
		{14A70E6E-E4F9-4A4C-A204-58A7083B0B7B}.Release|Any CPU.Build.0 = Release|Any CPU
	EndGlobalSection
	GlobalSection(SolutionProperties) = preSolution
		HideSolutionNode = FALSE
	EndGlobalSection
	GlobalSection(ExtensibilityGlobals) = postSolution
		SolutionGuid = {880B14E2-05EE-4F6E-8479-9338C82AD789}
	EndGlobalSection
EndGlobal
